# THIS IS AN AUTOGENERATED FILE. DO NOT EDIT THIS FILE DIRECTLY.
# yarn lockfile v1


"@prisma/client@^2.28.0":
  version "2.28.0"
  resolved "https://registry.yarnpkg.com/@prisma/client/-/client-2.28.0.tgz#6cd91a3c2757814a9454ea23d7e33cd2ff3952db"
  integrity sha512-iwdxpy0Nz8N40MnhdlRvhZOBk8+GawpEsY5FU8Tfw1k9rvIeTAi+wBHrqhY8bXq6pneZkzrdQ1Hj3tqkrbRmoQ==
  dependencies:
    "@prisma/engines-version" "2.28.0-17.89facabd0366f63911d089156a7a70125bfbcd27"

"@prisma/engines-version@2.28.0-17.89facabd0366f63911d089156a7a70125bfbcd27":
  version "2.28.0-17.89facabd0366f63911d089156a7a70125bfbcd27"
  resolved "https://registry.yarnpkg.com/@prisma/engines-version/-/engines-version-2.28.0-17.89facabd0366f63911d089156a7a70125bfbcd27.tgz#6dbccdce64f792dbc21c99daef80ec03020c110d"
  integrity sha512-BWTvF1mGxjG8EtG215uhxdeW5Uf5aiH4xhfzcFPFC3Ux5BdEM1uEBrLIixX67mI+ZNhqNZSBPf0DSf2I1IsaZw==

"@prisma/engines@2.24.1-2.18095475d5ee64536e2f93995e48ad800737a9e4":
  version "2.24.1-2.18095475d5ee64536e2f93995e48ad800737a9e4"
  resolved "https://registry.yarnpkg.com/@prisma/engines/-/engines-2.24.1-2.18095475d5ee64536e2f93995e48ad800737a9e4.tgz#7e542d510f0c03f41b73edbb17254f5a0b272a4d"
  integrity sha512-29/xO9kqeQka+wN5Ev10l5L4XQXNVXdPToJs1M29VZ2imQsNsL4rtz26m3qGM54IoGWwwfTVdvuVRxKnDl2rig==

prisma@^2.24.1:
  version "2.24.1"
  resolved "https://registry.yarnpkg.com/prisma/-/prisma-2.24.1.tgz#f8f4cb8baf407a71800256160277f69603bd43a3"
  integrity sha512-L+ykMpttbWzpTNsy+PPynnEX/mS1s5zs49euXBrMjxXh1M6/f9MYlTNAj+iP90O9ZSaURSpNa+1jzatPghqUcQ==
  dependencies:
    "@prisma/engines" "2.24.1-2.18095475d5ee64536e2f93995e48ad800737a9e4"
